// !$*UTF8*$!
{
	archiveVersion = 1;
	classes = {
	};
	objectVersion = 55;
	objects = {

/* Begin PBXBuildFile section */
		B91D367C27248847003EC604 /* ModalView.swift in Sources */ = {isa = PBXBuildFile; fileRef = B91D367B27248847003EC604 /* ModalView.swift */; };
		B944145E2724A45600EE0A69 /* HomeMenuItem.swift in Sources */ = {isa = PBXBuildFile; fileRef = B944145D2724A45600EE0A69 /* HomeMenuItem.swift */; };
		B94414622724A62600EE0A69 /* FloatingBar in Frameworks */ = {isa = PBXBuildFile; productRef = B94414612724A62600EE0A69 /* FloatingBar */; };
		B97F78BB27122AC4003C97EC /* CayaApp.swift in Sources */ = {isa = PBXBuildFile; fileRef = B97F78BA27122AC4003C97EC /* CayaApp.swift */; };
		B97F78BF27122AC6003C97EC /* Assets.xcassets in Resources */ = {isa = PBXBuildFile; fileRef = B97F78BE27122AC6003C97EC /* Assets.xcassets */; };
		B97F78C227122AC6003C97EC /* Preview Assets.xcassets in Resources */ = {isa = PBXBuildFile; fileRef = B97F78C127122AC6003C97EC /* Preview Assets.xcassets */; };
		B97F78CB27122B51003C97EC /* Entry.swift in Sources */ = {isa = PBXBuildFile; fileRef = B97F78CA27122B51003C97EC /* Entry.swift */; };
		B97F78D027122B63003C97EC /* HomeView.swift in Sources */ = {isa = PBXBuildFile; fileRef = B97F78CD27122B63003C97EC /* HomeView.swift */; };
		B97F78D127122B63003C97EC /* HistoryCell.swift in Sources */ = {isa = PBXBuildFile; fileRef = B97F78CE27122B63003C97EC /* HistoryCell.swift */; };
		B97F78F3271239EB003C97EC /* DependencyManager.swift in Sources */ = {isa = PBXBuildFile; fileRef = B97F78F1271239EB003C97EC /* DependencyManager.swift */; };
		B97F78F4271239EB003C97EC /* DependencyManager+Env.swift in Sources */ = {isa = PBXBuildFile; fileRef = B97F78F2271239EB003C97EC /* DependencyManager+Env.swift */; };
		B97F78F627123A13003C97EC /* MockPersistanceManager.swift in Sources */ = {isa = PBXBuildFile; fileRef = B97F78F527123A13003C97EC /* MockPersistanceManager.swift */; };
		B97F78F927123A2B003C97EC /* HomeCoordinator.swift in Sources */ = {isa = PBXBuildFile; fileRef = B97F78F727123A2B003C97EC /* HomeCoordinator.swift */; };
		B97F78FA27123A2B003C97EC /* HomeViewModel.swift in Sources */ = {isa = PBXBuildFile; fileRef = B97F78F827123A2B003C97EC /* HomeViewModel.swift */; };
		B97F78FE27123A5F003C97EC /* Month+Mocks.swift in Sources */ = {isa = PBXBuildFile; fileRef = B97F78FD27123A5F003C97EC /* Month+Mocks.swift */; };
		B97F790127123A75003C97EC /* Month.swift in Sources */ = {isa = PBXBuildFile; fileRef = B97F78FF27123A75003C97EC /* Month.swift */; };
		B97F790227123A75003C97EC /* Year.swift in Sources */ = {isa = PBXBuildFile; fileRef = B97F790027123A75003C97EC /* Year.swift */; };
		B97F790627123DC1003C97EC /* String+.swift in Sources */ = {isa = PBXBuildFile; fileRef = B97F790527123DC1003C97EC /* String+.swift */; };
		B97F790B271241B3003C97EC /* Color.swift in Sources */ = {isa = PBXBuildFile; fileRef = B97F790A271241B3003C97EC /* Color.swift */; };
		B97F791C2712476A003C97EC /* MonthTests.swift in Sources */ = {isa = PBXBuildFile; fileRef = B97F791B2712476A003C97EC /* MonthTests.swift */; };
		B97F791E27124AAD003C97EC /* HistoryEntryTests.swift in Sources */ = {isa = PBXBuildFile; fileRef = B97F791D27124AAD003C97EC /* HistoryEntryTests.swift */; };
		B97F792027124B90003C97EC /* HomeViewModelTests.swift in Sources */ = {isa = PBXBuildFile; fileRef = B97F791F27124B90003C97EC /* HomeViewModelTests.swift */; };
		B97F792327124F9C003C97EC /* NewEntryView.swift in Sources */ = {isa = PBXBuildFile; fileRef = B97F792227124F9C003C97EC /* NewEntryView.swift */; };
		B97F792927125440003C97EC /* NewEntryViewModel.swift in Sources */ = {isa = PBXBuildFile; fileRef = B97F792827125440003C97EC /* NewEntryViewModel.swift */; };
		B9ADAAD4271378F2009762C7 /* EntryDateView.swift in Sources */ = {isa = PBXBuildFile; fileRef = B9ADAAD3271378F2009762C7 /* EntryDateView.swift */; };
		B9ADAAD627137C96009762C7 /* EntryDate.swift in Sources */ = {isa = PBXBuildFile; fileRef = B9ADAAD527137C96009762C7 /* EntryDate.swift */; };
		B9ADAAD927137E14009762C7 /* EntryDatePicker.swift in Sources */ = {isa = PBXBuildFile; fileRef = B9ADAAD827137E14009762C7 /* EntryDatePicker.swift */; };
		B9ADAADC271384B5009762C7 /* CustomButtonStyle.swift in Sources */ = {isa = PBXBuildFile; fileRef = B9ADAADB271384B5009762C7 /* CustomButtonStyle.swift */; };
		B9ADAAE127138579009762C7 /* GradientBackgroundView.swift in Sources */ = {isa = PBXBuildFile; fileRef = B9ADAAE027138579009762C7 /* GradientBackgroundView.swift */; };
		B9D0B0662714B1050018EC15 /* MoneyInputTextField.swift in Sources */ = {isa = PBXBuildFile; fileRef = B9D0B0652714B1050018EC15 /* MoneyInputTextField.swift */; };
		B9D0B068271B67450018EC15 /* Preferences.swift in Sources */ = {isa = PBXBuildFile; fileRef = B9D0B067271B67450018EC15 /* Preferences.swift */; };
		B9D0B06B271B68330018EC15 /* Currency.swift in Sources */ = {isa = PBXBuildFile; fileRef = B9D0B06A271B68330018EC15 /* Currency.swift */; };
		B9D0B06D271B69390018EC15 /* MockPreferences.swift in Sources */ = {isa = PBXBuildFile; fileRef = B9D0B06C271B69390018EC15 /* MockPreferences.swift */; };
		B9D0B072271B78C60018EC15 /* Model.xcdatamodeld in Sources */ = {isa = PBXBuildFile; fileRef = B9D0B070271B78C50018EC15 /* Model.xcdatamodeld */; };
		B9D0B074271B79710018EC15 /* CoreDataStorage.swift in Sources */ = {isa = PBXBuildFile; fileRef = B9D0B073271B79710018EC15 /* CoreDataStorage.swift */; };
		B9D0B097271B91670018EC15 /* EntryProviding.swift in Sources */ = {isa = PBXBuildFile; fileRef = B9D0B096271B91670018EC15 /* EntryProviding.swift */; };
		B9D0B09A271B91E90018EC15 /* EntryStoring.swift in Sources */ = {isa = PBXBuildFile; fileRef = B9D0B099271B91E90018EC15 /* EntryStoring.swift */; };
		B9D0B09F271B95A10018EC15 /* EditEntryView.swift in Sources */ = {isa = PBXBuildFile; fileRef = B9D0B09E271B95A10018EC15 /* EditEntryView.swift */; };
		B9D0B0A1271B9A190018EC15 /* Padding.swift in Sources */ = {isa = PBXBuildFile; fileRef = B9D0B0A0271B9A190018EC15 /* Padding.swift */; };
		B9D0B0A5271C3F5C0018EC15 /* HistorySection.swift in Sources */ = {isa = PBXBuildFile; fileRef = B9D0B0A4271C3F5C0018EC15 /* HistorySection.swift */; };
		B9D0B0A8271C45D20018EC15 /* OnboardingView.swift in Sources */ = {isa = PBXBuildFile; fileRef = B9D0B0A7271C45D20018EC15 /* OnboardingView.swift */; };
		B9D0B0AA271C4A0B0018EC15 /* AppState.swift in Sources */ = {isa = PBXBuildFile; fileRef = B9D0B0A9271C4A0B0018EC15 /* AppState.swift */; };
		B9D0B0AC271C96E70018EC15 /* OnboardingViewModel.swift in Sources */ = {isa = PBXBuildFile; fileRef = B9D0B0AB271C96E70018EC15 /* OnboardingViewModel.swift */; };
		B9D0B0AE271CBE370018EC15 /* Currency+Mocks.swift in Sources */ = {isa = PBXBuildFile; fileRef = B9D0B0AD271CBE370018EC15 /* Currency+Mocks.swift */; };
		B9E6C4C8272584F400328AEA /* ProfileView.swift in Sources */ = {isa = PBXBuildFile; fileRef = B9E6C4C7272584F400328AEA /* ProfileView.swift */; };
		B9E6C4CA2725A12300328AEA /* ProfileViewModel.swift in Sources */ = {isa = PBXBuildFile; fileRef = B9E6C4C92725A12300328AEA /* ProfileViewModel.swift */; };
		B9E6C4CD2725A26E00328AEA /* HistoryView.swift in Sources */ = {isa = PBXBuildFile; fileRef = B9E6C4CC2725A26E00328AEA /* HistoryView.swift */; };
		B9E6C4CF2725A42200328AEA /* Collection+HistorySection.swift in Sources */ = {isa = PBXBuildFile; fileRef = B9E6C4CE2725A42200328AEA /* Collection+HistorySection.swift */; };
/* End PBXBuildFile section */

/* Begin PBXContainerItemProxy section */
		B97F79162712475A003C97EC /* PBXContainerItemProxy */ = {
			isa = PBXContainerItemProxy;
			containerPortal = B97F78AF27122AC4003C97EC /* Project object */;
			proxyType = 1;
			remoteGlobalIDString = B97F78B627122AC4003C97EC;
			remoteInfo = Caya;
		};
/* End PBXContainerItemProxy section */

/* Begin PBXFileReference section */
		B91D367B27248847003EC604 /* ModalView.swift */ = {isa = PBXFileReference; lastKnownFileType = sourcecode.swift; path = ModalView.swift; sourceTree = "<group>"; };
		B944145D2724A45600EE0A69 /* HomeMenuItem.swift */ = {isa = PBXFileReference; lastKnownFileType = sourcecode.swift; path = HomeMenuItem.swift; sourceTree = "<group>"; };
		B944145F2724A5D100EE0A69 /* FloatingBar */ = {isa = PBXFileReference; lastKnownFileType = folder; path = FloatingBar; sourceTree = "<group>"; };
		B97F78B727122AC4003C97EC /* Caya.app */ = {isa = PBXFileReference; explicitFileType = wrapper.application; includeInIndex = 0; path = Caya.app; sourceTree = BUILT_PRODUCTS_DIR; };
		B97F78BA27122AC4003C97EC /* CayaApp.swift */ = {isa = PBXFileReference; lastKnownFileType = sourcecode.swift; path = CayaApp.swift; sourceTree = "<group>"; };
		B97F78BE27122AC6003C97EC /* Assets.xcassets */ = {isa = PBXFileReference; lastKnownFileType = folder.assetcatalog; path = Assets.xcassets; sourceTree = "<group>"; };
		B97F78C127122AC6003C97EC /* Preview Assets.xcassets */ = {isa = PBXFileReference; lastKnownFileType = folder.assetcatalog; path = "Preview Assets.xcassets"; sourceTree = "<group>"; };
		B97F78CA27122B51003C97EC /* Entry.swift */ = {isa = PBXFileReference; fileEncoding = 4; lastKnownFileType = sourcecode.swift; path = Entry.swift; sourceTree = "<group>"; };
		B97F78CD27122B63003C97EC /* HomeView.swift */ = {isa = PBXFileReference; fileEncoding = 4; lastKnownFileType = sourcecode.swift; path = HomeView.swift; sourceTree = "<group>"; };
		B97F78CE27122B63003C97EC /* HistoryCell.swift */ = {isa = PBXFileReference; fileEncoding = 4; lastKnownFileType = sourcecode.swift; path = HistoryCell.swift; sourceTree = "<group>"; };
		B97F78F1271239EB003C97EC /* DependencyManager.swift */ = {isa = PBXFileReference; fileEncoding = 4; lastKnownFileType = sourcecode.swift; name = DependencyManager.swift; path = ../../../../Caya/Caya/Core/Dependencies/DependencyManager.swift; sourceTree = "<group>"; };
		B97F78F2271239EB003C97EC /* DependencyManager+Env.swift */ = {isa = PBXFileReference; fileEncoding = 4; lastKnownFileType = sourcecode.swift; name = "DependencyManager+Env.swift"; path = "../../../../Caya/Caya/Core/Dependencies/DependencyManager+Env.swift"; sourceTree = "<group>"; };
		B97F78F527123A13003C97EC /* MockPersistanceManager.swift */ = {isa = PBXFileReference; fileEncoding = 4; lastKnownFileType = sourcecode.swift; path = MockPersistanceManager.swift; sourceTree = "<group>"; };
		B97F78F727123A2B003C97EC /* HomeCoordinator.swift */ = {isa = PBXFileReference; fileEncoding = 4; lastKnownFileType = sourcecode.swift; name = HomeCoordinator.swift; path = ../../../../Caya/Caya/Scenes/Home/HomeCoordinator.swift; sourceTree = "<group>"; };
		B97F78F827123A2B003C97EC /* HomeViewModel.swift */ = {isa = PBXFileReference; fileEncoding = 4; lastKnownFileType = sourcecode.swift; name = HomeViewModel.swift; path = ../../../../Caya/Caya/Scenes/Home/HomeViewModel.swift; sourceTree = "<group>"; };
		B97F78FD27123A5F003C97EC /* Month+Mocks.swift */ = {isa = PBXFileReference; fileEncoding = 4; lastKnownFileType = sourcecode.swift; path = "Month+Mocks.swift"; sourceTree = "<group>"; };
		B97F78FF27123A75003C97EC /* Month.swift */ = {isa = PBXFileReference; fileEncoding = 4; lastKnownFileType = sourcecode.swift; name = Month.swift; path = ../../../../Caya/Caya/Core/Models/Month.swift; sourceTree = "<group>"; };
		B97F790027123A75003C97EC /* Year.swift */ = {isa = PBXFileReference; fileEncoding = 4; lastKnownFileType = sourcecode.swift; name = Year.swift; path = ../../../../Caya/Caya/Core/Models/Year.swift; sourceTree = "<group>"; };
		B97F790527123DC1003C97EC /* String+.swift */ = {isa = PBXFileReference; lastKnownFileType = sourcecode.swift; name = "String+.swift"; path = "../../../Caya/Caya/Extensions/String+.swift"; sourceTree = "<group>"; };
		B97F790A271241B3003C97EC /* Color.swift */ = {isa = PBXFileReference; lastKnownFileType = sourcecode.swift; path = Color.swift; sourceTree = "<group>"; };
		B97F79122712475A003C97EC /* CayaTests.xctest */ = {isa = PBXFileReference; explicitFileType = wrapper.cfbundle; includeInIndex = 0; path = CayaTests.xctest; sourceTree = BUILT_PRODUCTS_DIR; };
		B97F791B2712476A003C97EC /* MonthTests.swift */ = {isa = PBXFileReference; lastKnownFileType = sourcecode.swift; path = MonthTests.swift; sourceTree = "<group>"; };
		B97F791D27124AAD003C97EC /* HistoryEntryTests.swift */ = {isa = PBXFileReference; lastKnownFileType = sourcecode.swift; path = HistoryEntryTests.swift; sourceTree = "<group>"; };
		B97F791F27124B90003C97EC /* HomeViewModelTests.swift */ = {isa = PBXFileReference; lastKnownFileType = sourcecode.swift; path = HomeViewModelTests.swift; sourceTree = "<group>"; };
		B97F792227124F9C003C97EC /* NewEntryView.swift */ = {isa = PBXFileReference; lastKnownFileType = sourcecode.swift; path = NewEntryView.swift; sourceTree = "<group>"; };
		B97F792827125440003C97EC /* NewEntryViewModel.swift */ = {isa = PBXFileReference; lastKnownFileType = sourcecode.swift; path = NewEntryViewModel.swift; sourceTree = "<group>"; };
		B9ADAAD3271378F2009762C7 /* EntryDateView.swift */ = {isa = PBXFileReference; lastKnownFileType = sourcecode.swift; path = EntryDateView.swift; sourceTree = "<group>"; };
		B9ADAAD527137C96009762C7 /* EntryDate.swift */ = {isa = PBXFileReference; lastKnownFileType = sourcecode.swift; path = EntryDate.swift; sourceTree = "<group>"; };
		B9ADAAD827137E14009762C7 /* EntryDatePicker.swift */ = {isa = PBXFileReference; lastKnownFileType = sourcecode.swift; path = EntryDatePicker.swift; sourceTree = "<group>"; };
		B9ADAADB271384B5009762C7 /* CustomButtonStyle.swift */ = {isa = PBXFileReference; lastKnownFileType = sourcecode.swift; path = CustomButtonStyle.swift; sourceTree = "<group>"; };
		B9ADAAE027138579009762C7 /* GradientBackgroundView.swift */ = {isa = PBXFileReference; lastKnownFileType = sourcecode.swift; path = GradientBackgroundView.swift; sourceTree = "<group>"; };
		B9D0B0652714B1050018EC15 /* MoneyInputTextField.swift */ = {isa = PBXFileReference; lastKnownFileType = sourcecode.swift; path = MoneyInputTextField.swift; sourceTree = "<group>"; };
		B9D0B067271B67450018EC15 /* Preferences.swift */ = {isa = PBXFileReference; lastKnownFileType = sourcecode.swift; path = Preferences.swift; sourceTree = "<group>"; };
		B9D0B06A271B68330018EC15 /* Currency.swift */ = {isa = PBXFileReference; lastKnownFileType = sourcecode.swift; path = Currency.swift; sourceTree = "<group>"; };
		B9D0B06C271B69390018EC15 /* MockPreferences.swift */ = {isa = PBXFileReference; lastKnownFileType = sourcecode.swift; path = MockPreferences.swift; sourceTree = "<group>"; };
		B9D0B071271B78C60018EC15 /* Model.xcdatamodel */ = {isa = PBXFileReference; lastKnownFileType = wrapper.xcdatamodel; path = Model.xcdatamodel; sourceTree = "<group>"; };
		B9D0B073271B79710018EC15 /* CoreDataStorage.swift */ = {isa = PBXFileReference; lastKnownFileType = sourcecode.swift; path = CoreDataStorage.swift; sourceTree = "<group>"; };
		B9D0B096271B91670018EC15 /* EntryProviding.swift */ = {isa = PBXFileReference; lastKnownFileType = sourcecode.swift; path = EntryProviding.swift; sourceTree = "<group>"; };
		B9D0B099271B91E90018EC15 /* EntryStoring.swift */ = {isa = PBXFileReference; lastKnownFileType = sourcecode.swift; path = EntryStoring.swift; sourceTree = "<group>"; };
		B9D0B09E271B95A10018EC15 /* EditEntryView.swift */ = {isa = PBXFileReference; lastKnownFileType = sourcecode.swift; path = EditEntryView.swift; sourceTree = "<group>"; };
		B9D0B0A0271B9A190018EC15 /* Padding.swift */ = {isa = PBXFileReference; lastKnownFileType = sourcecode.swift; path = Padding.swift; sourceTree = "<group>"; };
		B9D0B0A4271C3F5C0018EC15 /* HistorySection.swift */ = {isa = PBXFileReference; lastKnownFileType = sourcecode.swift; path = HistorySection.swift; sourceTree = "<group>"; };
		B9D0B0A7271C45D20018EC15 /* OnboardingView.swift */ = {isa = PBXFileReference; lastKnownFileType = sourcecode.swift; path = OnboardingView.swift; sourceTree = "<group>"; };
		B9D0B0A9271C4A0B0018EC15 /* AppState.swift */ = {isa = PBXFileReference; lastKnownFileType = sourcecode.swift; path = AppState.swift; sourceTree = "<group>"; };
		B9D0B0AB271C96E70018EC15 /* OnboardingViewModel.swift */ = {isa = PBXFileReference; lastKnownFileType = sourcecode.swift; path = OnboardingViewModel.swift; sourceTree = "<group>"; };
		B9D0B0AD271CBE370018EC15 /* Currency+Mocks.swift */ = {isa = PBXFileReference; lastKnownFileType = sourcecode.swift; path = "Currency+Mocks.swift"; sourceTree = "<group>"; };
		B9E6C4C7272584F400328AEA /* ProfileView.swift */ = {isa = PBXFileReference; lastKnownFileType = sourcecode.swift; path = ProfileView.swift; sourceTree = "<group>"; };
		B9E6C4C92725A12300328AEA /* ProfileViewModel.swift */ = {isa = PBXFileReference; lastKnownFileType = sourcecode.swift; path = ProfileViewModel.swift; sourceTree = "<group>"; };
		B9E6C4CC2725A26E00328AEA /* HistoryView.swift */ = {isa = PBXFileReference; lastKnownFileType = sourcecode.swift; path = HistoryView.swift; sourceTree = "<group>"; };
		B9E6C4CE2725A42200328AEA /* Collection+HistorySection.swift */ = {isa = PBXFileReference; lastKnownFileType = sourcecode.swift; path = "Collection+HistorySection.swift"; sourceTree = "<group>"; };
/* End PBXFileReference section */

/* Begin PBXFrameworksBuildPhase section */
		B97F78B427122AC4003C97EC /* Frameworks */ = {
			isa = PBXFrameworksBuildPhase;
			buildActionMask = 2147483647;
			files = (
				B94414622724A62600EE0A69 /* FloatingBar in Frameworks */,
			);
			runOnlyForDeploymentPostprocessing = 0;
		};
		B97F790F2712475A003C97EC /* Frameworks */ = {
			isa = PBXFrameworksBuildPhase;
			buildActionMask = 2147483647;
			files = (
			);
			runOnlyForDeploymentPostprocessing = 0;
		};
/* End PBXFrameworksBuildPhase section */

/* Begin PBXGroup section */
		B94414602724A62600EE0A69 /* Frameworks */ = {
			isa = PBXGroup;
			children = (
			);
			name = Frameworks;
			sourceTree = "<group>";
		};
		B97F78AE27122AC4003C97EC = {
			isa = PBXGroup;
			children = (
				B97F78B927122AC4003C97EC /* Caya */,
				B97F79132712475A003C97EC /* CayaTests */,
				B97F78B827122AC4003C97EC /* Products */,
				B94414602724A62600EE0A69 /* Frameworks */,
			);
			sourceTree = "<group>";
		};
		B97F78B827122AC4003C97EC /* Products */ = {
			isa = PBXGroup;
			children = (
				B97F78B727122AC4003C97EC /* Caya.app */,
				B97F79122712475A003C97EC /* CayaTests.xctest */,
			);
			name = Products;
			sourceTree = "<group>";
		};
		B97F78B927122AC4003C97EC /* Caya */ = {
			isa = PBXGroup;
			children = (
				B9E6C4D02725A4AF00328AEA /* Modules */,
				B97F78BA27122AC4003C97EC /* CayaApp.swift */,
				B9D0B0A9271C4A0B0018EC15 /* AppState.swift */,
				B97F78C827122B3C003C97EC /* Core */,
				B97F78CC27122B57003C97EC /* Scenes */,
				B9ADAACF2713779D009762C7 /* Components */,
				B97F78DA27123549003C97EC /* Extensions */,
				B97F78DB27123550003C97EC /* Resources */,
				B97F78C027122AC6003C97EC /* Preview Content */,
			);
			path = Caya;
			sourceTree = "<group>";
		};
		B97F78C027122AC6003C97EC /* Preview Content */ = {
			isa = PBXGroup;
			children = (
				B97F78D727123437003C97EC /* Mocks */,
				B97F78C127122AC6003C97EC /* Preview Assets.xcassets */,
			);
			path = "Preview Content";
			sourceTree = "<group>";
		};
		B97F78C827122B3C003C97EC /* Core */ = {
			isa = PBXGroup;
			children = (
				B97F78E327123749003C97EC /* Dependencies */,
				B9D0B098271B918C0018EC15 /* Protocols */,
				B97F78E02712369B003C97EC /* Services */,
				B97F78C927122B40003C97EC /* Models */,
			);
			path = Core;
			sourceTree = "<group>";
		};
		B97F78C927122B40003C97EC /* Models */ = {
			isa = PBXGroup;
			children = (
				B9D0B06F271B78B50018EC15 /* Persistance */,
				B97F78CA27122B51003C97EC /* Entry.swift */,
				B9ADAAD527137C96009762C7 /* EntryDate.swift */,
				B97F78FF27123A75003C97EC /* Month.swift */,
				B9D0B06A271B68330018EC15 /* Currency.swift */,
				B97F790027123A75003C97EC /* Year.swift */,
			);
			path = Models;
			sourceTree = "<group>";
		};
		B97F78CC27122B57003C97EC /* Scenes */ = {
			isa = PBXGroup;
			children = (
				B9E6C4CB2725A26500328AEA /* History */,
				B9E6C4C6272584EA00328AEA /* Profile */,
				B9D0B0A6271C45710018EC15 /* Onboarding */,
				B97F78DE27123619003C97EC /* Home */,
				B97F792127124F90003C97EC /* New Entry */,
				B9D0B09B271B95780018EC15 /* Edit Entry */,
			);
			path = Scenes;
			sourceTree = "<group>";
		};
		B97F78D727123437003C97EC /* Mocks */ = {
			isa = PBXGroup;
			children = (
				B97F78EC271238BC003C97EC /* Services */,
				B97F78FD27123A5F003C97EC /* Month+Mocks.swift */,
				B9D0B0AD271CBE370018EC15 /* Currency+Mocks.swift */,
			);
			path = Mocks;
			sourceTree = "<group>";
		};
		B97F78DA27123549003C97EC /* Extensions */ = {
			isa = PBXGroup;
			children = (
				B97F790527123DC1003C97EC /* String+.swift */,
			);
			path = Extensions;
			sourceTree = "<group>";
		};
		B97F78DB27123550003C97EC /* Resources */ = {
			isa = PBXGroup;
			children = (
				B97F78BE27122AC6003C97EC /* Assets.xcassets */,
			);
			path = Resources;
			sourceTree = "<group>";
		};
		B97F78DE27123619003C97EC /* Home */ = {
			isa = PBXGroup;
			children = (
				B97F78F727123A2B003C97EC /* HomeCoordinator.swift */,
				B944145D2724A45600EE0A69 /* HomeMenuItem.swift */,
				B97F78CD27122B63003C97EC /* HomeView.swift */,
				B97F78F827123A2B003C97EC /* HomeViewModel.swift */,
			);
			path = Home;
			sourceTree = "<group>";
		};
		B97F78E02712369B003C97EC /* Services */ = {
			isa = PBXGroup;
			children = (
				B9D0B067271B67450018EC15 /* Preferences.swift */,
				B9D0B073271B79710018EC15 /* CoreDataStorage.swift */,
			);
			path = Services;
			sourceTree = "<group>";
		};
		B97F78E327123749003C97EC /* Dependencies */ = {
			isa = PBXGroup;
			children = (
				B97F78F1271239EB003C97EC /* DependencyManager.swift */,
				B97F78F2271239EB003C97EC /* DependencyManager+Env.swift */,
			);
			path = Dependencies;
			sourceTree = "<group>";
		};
		B97F78EC271238BC003C97EC /* Services */ = {
			isa = PBXGroup;
			children = (
				B97F78F527123A13003C97EC /* MockPersistanceManager.swift */,
				B9D0B06C271B69390018EC15 /* MockPreferences.swift */,
			);
			path = Services;
			sourceTree = "<group>";
		};
		B97F79132712475A003C97EC /* CayaTests */ = {
			isa = PBXGroup;
			children = (
				B97F791B2712476A003C97EC /* MonthTests.swift */,
				B97F791D27124AAD003C97EC /* HistoryEntryTests.swift */,
				B97F791F27124B90003C97EC /* HomeViewModelTests.swift */,
			);
			path = CayaTests;
			sourceTree = "<group>";
		};
		B97F792127124F90003C97EC /* New Entry */ = {
			isa = PBXGroup;
			children = (
				B9D0B095271B7F7E0018EC15 /* Picker */,
				B97F792227124F9C003C97EC /* NewEntryView.swift */,
				B97F792827125440003C97EC /* NewEntryViewModel.swift */,
			);
			path = "New Entry";
			sourceTree = "<group>";
		};
		B9ADAACF2713779D009762C7 /* Components */ = {
			isa = PBXGroup;
			children = (
				B9D0B0A2271B9B480018EC15 /* Constants */,
				B9ADAADA271384A9009762C7 /* Styles */,
				B9ADAAE027138579009762C7 /* GradientBackgroundView.swift */,
				B91D367B27248847003EC604 /* ModalView.swift */,
				B9D0B0652714B1050018EC15 /* MoneyInputTextField.swift */,
			);
			path = Components;
			sourceTree = "<group>";
		};
		B9ADAADA271384A9009762C7 /* Styles */ = {
			isa = PBXGroup;
			children = (
				B9ADAADB271384B5009762C7 /* CustomButtonStyle.swift */,
			);
			path = Styles;
			sourceTree = "<group>";
		};
		B9D0B06F271B78B50018EC15 /* Persistance */ = {
			isa = PBXGroup;
			children = (
				B9D0B070271B78C50018EC15 /* Model.xcdatamodeld */,
			);
			path = Persistance;
			sourceTree = "<group>";
		};
		B9D0B095271B7F7E0018EC15 /* Picker */ = {
			isa = PBXGroup;
			children = (
				B9ADAAD827137E14009762C7 /* EntryDatePicker.swift */,
				B9ADAAD3271378F2009762C7 /* EntryDateView.swift */,
			);
			path = Picker;
			sourceTree = "<group>";
		};
		B9D0B098271B918C0018EC15 /* Protocols */ = {
			isa = PBXGroup;
			children = (
				B9D0B096271B91670018EC15 /* EntryProviding.swift */,
				B9D0B099271B91E90018EC15 /* EntryStoring.swift */,
			);
			path = Protocols;
			sourceTree = "<group>";
		};
		B9D0B09B271B95780018EC15 /* Edit Entry */ = {
			isa = PBXGroup;
			children = (
				B9D0B09E271B95A10018EC15 /* EditEntryView.swift */,
			);
			path = "Edit Entry";
			sourceTree = "<group>";
		};
		B9D0B0A2271B9B480018EC15 /* Constants */ = {
			isa = PBXGroup;
			children = (
				B9D0B0A0271B9A190018EC15 /* Padding.swift */,
				B97F790A271241B3003C97EC /* Color.swift */,
			);
			path = Constants;
			sourceTree = "<group>";
		};
		B9D0B0A6271C45710018EC15 /* Onboarding */ = {
			isa = PBXGroup;
			children = (
				B9D0B0A7271C45D20018EC15 /* OnboardingView.swift */,
				B9D0B0AB271C96E70018EC15 /* OnboardingViewModel.swift */,
			);
			path = Onboarding;
			sourceTree = "<group>";
		};
		B9E6C4C6272584EA00328AEA /* Profile */ = {
			isa = PBXGroup;
			children = (
				B9E6C4C7272584F400328AEA /* ProfileView.swift */,
				B9E6C4C92725A12300328AEA /* ProfileViewModel.swift */,
			);
			path = Profile;
			sourceTree = "<group>";
		};
		B9E6C4CB2725A26500328AEA /* History */ = {
			isa = PBXGroup;
			children = (
				B9E6C4CC2725A26E00328AEA /* HistoryView.swift */,
				B9D0B0A4271C3F5C0018EC15 /* HistorySection.swift */,
				B97F78CE27122B63003C97EC /* HistoryCell.swift */,
				B9E6C4CE2725A42200328AEA /* Collection+HistorySection.swift */,
			);
			path = History;
			sourceTree = "<group>";
		};
		B9E6C4D02725A4AF00328AEA /* Modules */ = {
			isa = PBXGroup;
			children = (
				B944145F2724A5D100EE0A69 /* FloatingBar */,
			);
			path = Modules;
			sourceTree = "<group>";
		};
/* End PBXGroup section */

/* Begin PBXNativeTarget section */
		B97F78B627122AC4003C97EC /* Caya */ = {
			isa = PBXNativeTarget;
			buildConfigurationList = B97F78C527122AC6003C97EC /* Build configuration list for PBXNativeTarget "Caya" */;
			buildPhases = (
				B97F78B327122AC4003C97EC /* Sources */,
				B97F78B427122AC4003C97EC /* Frameworks */,
				B97F78B527122AC4003C97EC /* Resources */,
			);
			buildRules = (
			);
			dependencies = (
			);
			name = Caya;
			packageProductDependencies = (
				B94414612724A62600EE0A69 /* FloatingBar */,
			);
			productName = Caya;
			productReference = B97F78B727122AC4003C97EC /* Caya.app */;
			productType = "com.apple.product-type.application";
		};
		B97F79112712475A003C97EC /* CayaTests */ = {
			isa = PBXNativeTarget;
			buildConfigurationList = B97F79182712475A003C97EC /* Build configuration list for PBXNativeTarget "CayaTests" */;
			buildPhases = (
				B97F790E2712475A003C97EC /* Sources */,
				B97F790F2712475A003C97EC /* Frameworks */,
				B97F79102712475A003C97EC /* Resources */,
			);
			buildRules = (
			);
			dependencies = (
				B97F79172712475A003C97EC /* PBXTargetDependency */,
			);
			name = CayaTests;
			productName = CayaTests;
			productReference = B97F79122712475A003C97EC /* CayaTests.xctest */;
			productType = "com.apple.product-type.bundle.unit-test";
		};
/* End PBXNativeTarget section */

/* Begin PBXProject section */
		B97F78AF27122AC4003C97EC /* Project object */ = {
			isa = PBXProject;
			attributes = {
				BuildIndependentTargetsInParallel = 1;
				LastSwiftUpdateCheck = 1300;
				LastUpgradeCheck = 1300;
				TargetAttributes = {
					B97F78B627122AC4003C97EC = {
						CreatedOnToolsVersion = 13.0;
					};
					B97F79112712475A003C97EC = {
						CreatedOnToolsVersion = 13.0;
						TestTargetID = B97F78B627122AC4003C97EC;
					};
				};
			};
			buildConfigurationList = B97F78B227122AC4003C97EC /* Build configuration list for PBXProject "Caya" */;
			compatibilityVersion = "Xcode 13.0";
			developmentRegion = en;
			hasScannedForEncodings = 0;
			knownRegions = (
				en,
				Base,
			);
			mainGroup = B97F78AE27122AC4003C97EC;
			productRefGroup = B97F78B827122AC4003C97EC /* Products */;
			projectDirPath = "";
			projectRoot = "";
			targets = (
				B97F78B627122AC4003C97EC /* Caya */,
				B97F79112712475A003C97EC /* CayaTests */,
			);
		};
/* End PBXProject section */

/* Begin PBXResourcesBuildPhase section */
		B97F78B527122AC4003C97EC /* Resources */ = {
			isa = PBXResourcesBuildPhase;
			buildActionMask = 2147483647;
			files = (
				B97F78C227122AC6003C97EC /* Preview Assets.xcassets in Resources */,
				B97F78BF27122AC6003C97EC /* Assets.xcassets in Resources */,
			);
			runOnlyForDeploymentPostprocessing = 0;
		};
		B97F79102712475A003C97EC /* Resources */ = {
			isa = PBXResourcesBuildPhase;
			buildActionMask = 2147483647;
			files = (
			);
			runOnlyForDeploymentPostprocessing = 0;
		};
/* End PBXResourcesBuildPhase section */

/* Begin PBXSourcesBuildPhase section */
		B97F78B327122AC4003C97EC /* Sources */ = {
			isa = PBXSourcesBuildPhase;
			buildActionMask = 2147483647;
			files = (
				B97F78CB27122B51003C97EC /* Entry.swift in Sources */,
				B9E6C4C8272584F400328AEA /* ProfileView.swift in Sources */,
				B9D0B097271B91670018EC15 /* EntryProviding.swift in Sources */,
				B9D0B0A5271C3F5C0018EC15 /* HistorySection.swift in Sources */,
				B9D0B0AA271C4A0B0018EC15 /* AppState.swift in Sources */,
				B9D0B068271B67450018EC15 /* Preferences.swift in Sources */,
				B97F78F4271239EB003C97EC /* DependencyManager+Env.swift in Sources */,
				B9D0B0AE271CBE370018EC15 /* Currency+Mocks.swift in Sources */,
				B9D0B0AC271C96E70018EC15 /* OnboardingViewModel.swift in Sources */,
				B97F78FE27123A5F003C97EC /* Month+Mocks.swift in Sources */,
				B9E6C4CF2725A42200328AEA /* Collection+HistorySection.swift in Sources */,
				B944145E2724A45600EE0A69 /* HomeMenuItem.swift in Sources */,
				B9D0B09A271B91E90018EC15 /* EntryStoring.swift in Sources */,
				B91D367C27248847003EC604 /* ModalView.swift in Sources */,
				B97F792927125440003C97EC /* NewEntryViewModel.swift in Sources */,
				B9E6C4CA2725A12300328AEA /* ProfileViewModel.swift in Sources */,
				B9D0B06B271B68330018EC15 /* Currency.swift in Sources */,
				B9D0B0662714B1050018EC15 /* MoneyInputTextField.swift in Sources */,
				B9ADAAD927137E14009762C7 /* EntryDatePicker.swift in Sources */,
				B97F790B271241B3003C97EC /* Color.swift in Sources */,
				B9ADAAE127138579009762C7 /* GradientBackgroundView.swift in Sources */,
				B9D0B0A8271C45D20018EC15 /* OnboardingView.swift in Sources */,
				B97F78D027122B63003C97EC /* HomeView.swift in Sources */,
				B9ADAAD627137C96009762C7 /* EntryDate.swift in Sources */,
				B9D0B074271B79710018EC15 /* CoreDataStorage.swift in Sources */,
				B97F78F627123A13003C97EC /* MockPersistanceManager.swift in Sources */,
				B9ADAAD4271378F2009762C7 /* EntryDateView.swift in Sources */,
				B97F790227123A75003C97EC /* Year.swift in Sources */,
				B97F790627123DC1003C97EC /* String+.swift in Sources */,
				B9D0B0A1271B9A190018EC15 /* Padding.swift in Sources */,
				B9D0B072271B78C60018EC15 /* Model.xcdatamodeld in Sources */,
				B97F792327124F9C003C97EC /* NewEntryView.swift in Sources */,
				B97F78D127122B63003C97EC /* HistoryCell.swift in Sources */,
				B97F78F927123A2B003C97EC /* HomeCoordinator.swift in Sources */,
				B97F78FA27123A2B003C97EC /* HomeViewModel.swift in Sources */,
				B9D0B06D271B69390018EC15 /* MockPreferences.swift in Sources */,
				B9E6C4CD2725A26E00328AEA /* HistoryView.swift in Sources */,
				B97F78BB27122AC4003C97EC /* CayaApp.swift in Sources */,
				B97F78F3271239EB003C97EC /* DependencyManager.swift in Sources */,
				B9ADAADC271384B5009762C7 /* CustomButtonStyle.swift in Sources */,
				B97F790127123A75003C97EC /* Month.swift in Sources */,
				B9D0B09F271B95A10018EC15 /* EditEntryView.swift in Sources */,
			);
			runOnlyForDeploymentPostprocessing = 0;
		};
		B97F790E2712475A003C97EC /* Sources */ = {
			isa = PBXSourcesBuildPhase;
			buildActionMask = 2147483647;
			files = (
				B97F791C2712476A003C97EC /* MonthTests.swift in Sources */,
				B97F791E27124AAD003C97EC /* HistoryEntryTests.swift in Sources */,
				B97F792027124B90003C97EC /* HomeViewModelTests.swift in Sources */,
			);
			runOnlyForDeploymentPostprocessing = 0;
		};
/* End PBXSourcesBuildPhase section */

/* Begin PBXTargetDependency section */
		B97F79172712475A003C97EC /* PBXTargetDependency */ = {
			isa = PBXTargetDependency;
			target = B97F78B627122AC4003C97EC /* Caya */;
			targetProxy = B97F79162712475A003C97EC /* PBXContainerItemProxy */;
		};
/* End PBXTargetDependency section */

/* Begin XCBuildConfiguration section */
		B97F78C327122AC6003C97EC /* Debug */ = {
			isa = XCBuildConfiguration;
			buildSettings = {
				ALWAYS_SEARCH_USER_PATHS = NO;
				CLANG_ANALYZER_NONNULL = YES;
				CLANG_ANALYZER_NUMBER_OBJECT_CONVERSION = YES_AGGRESSIVE;
				CLANG_CXX_LANGUAGE_STANDARD = "gnu++17";
				CLANG_CXX_LIBRARY = "libc++";
				CLANG_ENABLE_MODULES = YES;
				CLANG_ENABLE_OBJC_ARC = YES;
				CLANG_ENABLE_OBJC_WEAK = YES;
				CLANG_WARN_BLOCK_CAPTURE_AUTORELEASING = YES;
				CLANG_WARN_BOOL_CONVERSION = YES;
				CLANG_WARN_COMMA = YES;
				CLANG_WARN_CONSTANT_CONVERSION = YES;
				CLANG_WARN_DEPRECATED_OBJC_IMPLEMENTATIONS = YES;
				CLANG_WARN_DIRECT_OBJC_ISA_USAGE = YES_ERROR;
				CLANG_WARN_DOCUMENTATION_COMMENTS = YES;
				CLANG_WARN_EMPTY_BODY = YES;
				CLANG_WARN_ENUM_CONVERSION = YES;
				CLANG_WARN_INFINITE_RECURSION = YES;
				CLANG_WARN_INT_CONVERSION = YES;
				CLANG_WARN_NON_LITERAL_NULL_CONVERSION = YES;
				CLANG_WARN_OBJC_IMPLICIT_RETAIN_SELF = YES;
				CLANG_WARN_OBJC_LITERAL_CONVERSION = YES;
				CLANG_WARN_OBJC_ROOT_CLASS = YES_ERROR;
				CLANG_WARN_QUOTED_INCLUDE_IN_FRAMEWORK_HEADER = YES;
				CLANG_WARN_RANGE_LOOP_ANALYSIS = YES;
				CLANG_WARN_STRICT_PROTOTYPES = YES;
				CLANG_WARN_SUSPICIOUS_MOVE = YES;
				CLANG_WARN_UNGUARDED_AVAILABILITY = YES_AGGRESSIVE;
				CLANG_WARN_UNREACHABLE_CODE = YES;
				CLANG_WARN__DUPLICATE_METHOD_MATCH = YES;
				COPY_PHASE_STRIP = NO;
				DEBUG_INFORMATION_FORMAT = dwarf;
				ENABLE_STRICT_OBJC_MSGSEND = YES;
				ENABLE_TESTABILITY = YES;
				GCC_C_LANGUAGE_STANDARD = gnu11;
				GCC_DYNAMIC_NO_PIC = NO;
				GCC_NO_COMMON_BLOCKS = YES;
				GCC_OPTIMIZATION_LEVEL = 0;
				GCC_PREPROCESSOR_DEFINITIONS = (
					"DEBUG=1",
					"$(inherited)",
				);
				GCC_WARN_64_TO_32_BIT_CONVERSION = YES;
				GCC_WARN_ABOUT_RETURN_TYPE = YES_ERROR;
				GCC_WARN_UNDECLARED_SELECTOR = YES;
				GCC_WARN_UNINITIALIZED_AUTOS = YES_AGGRESSIVE;
				GCC_WARN_UNUSED_FUNCTION = YES;
				GCC_WARN_UNUSED_VARIABLE = YES;
				IPHONEOS_DEPLOYMENT_TARGET = 15.0;
				MTL_ENABLE_DEBUG_INFO = INCLUDE_SOURCE;
				MTL_FAST_MATH = YES;
				ONLY_ACTIVE_ARCH = YES;
				SDKROOT = iphoneos;
				SWIFT_ACTIVE_COMPILATION_CONDITIONS = DEBUG;
				SWIFT_OPTIMIZATION_LEVEL = "-Onone";
			};
			name = Debug;
		};
		B97F78C427122AC6003C97EC /* Release */ = {
			isa = XCBuildConfiguration;
			buildSettings = {
				ALWAYS_SEARCH_USER_PATHS = NO;
				CLANG_ANALYZER_NONNULL = YES;
				CLANG_ANALYZER_NUMBER_OBJECT_CONVERSION = YES_AGGRESSIVE;
				CLANG_CXX_LANGUAGE_STANDARD = "gnu++17";
				CLANG_CXX_LIBRARY = "libc++";
				CLANG_ENABLE_MODULES = YES;
				CLANG_ENABLE_OBJC_ARC = YES;
				CLANG_ENABLE_OBJC_WEAK = YES;
				CLANG_WARN_BLOCK_CAPTURE_AUTORELEASING = YES;
				CLANG_WARN_BOOL_CONVERSION = YES;
				CLANG_WARN_COMMA = YES;
				CLANG_WARN_CONSTANT_CONVERSION = YES;
				CLANG_WARN_DEPRECATED_OBJC_IMPLEMENTATIONS = YES;
				CLANG_WARN_DIRECT_OBJC_ISA_USAGE = YES_ERROR;
				CLANG_WARN_DOCUMENTATION_COMMENTS = YES;
				CLANG_WARN_EMPTY_BODY = YES;
				CLANG_WARN_ENUM_CONVERSION = YES;
				CLANG_WARN_INFINITE_RECURSION = YES;
				CLANG_WARN_INT_CONVERSION = YES;
				CLANG_WARN_NON_LITERAL_NULL_CONVERSION = YES;
				CLANG_WARN_OBJC_IMPLICIT_RETAIN_SELF = YES;
				CLANG_WARN_OBJC_LITERAL_CONVERSION = YES;
				CLANG_WARN_OBJC_ROOT_CLASS = YES_ERROR;
				CLANG_WARN_QUOTED_INCLUDE_IN_FRAMEWORK_HEADER = YES;
				CLANG_WARN_RANGE_LOOP_ANALYSIS = YES;
				CLANG_WARN_STRICT_PROTOTYPES = YES;
				CLANG_WARN_SUSPICIOUS_MOVE = YES;
				CLANG_WARN_UNGUARDED_AVAILABILITY = YES_AGGRESSIVE;
				CLANG_WARN_UNREACHABLE_CODE = YES;
				CLANG_WARN__DUPLICATE_METHOD_MATCH = YES;
				COPY_PHASE_STRIP = NO;
				DEBUG_INFORMATION_FORMAT = "dwarf-with-dsym";
				ENABLE_NS_ASSERTIONS = NO;
				ENABLE_STRICT_OBJC_MSGSEND = YES;
				GCC_C_LANGUAGE_STANDARD = gnu11;
				GCC_NO_COMMON_BLOCKS = YES;
				GCC_WARN_64_TO_32_BIT_CONVERSION = YES;
				GCC_WARN_ABOUT_RETURN_TYPE = YES_ERROR;
				GCC_WARN_UNDECLARED_SELECTOR = YES;
				GCC_WARN_UNINITIALIZED_AUTOS = YES_AGGRESSIVE;
				GCC_WARN_UNUSED_FUNCTION = YES;
				GCC_WARN_UNUSED_VARIABLE = YES;
				IPHONEOS_DEPLOYMENT_TARGET = 15.0;
				MTL_ENABLE_DEBUG_INFO = NO;
				MTL_FAST_MATH = YES;
				SDKROOT = iphoneos;
				SWIFT_COMPILATION_MODE = wholemodule;
				SWIFT_OPTIMIZATION_LEVEL = "-O";
				VALIDATE_PRODUCT = YES;
			};
			name = Release;
		};
		B97F78C627122AC6003C97EC /* Debug */ = {
			isa = XCBuildConfiguration;
			buildSettings = {
				ASSETCATALOG_COMPILER_APPICON_NAME = AppIcon;
				ASSETCATALOG_COMPILER_GLOBAL_ACCENT_COLOR_NAME = AccentColor;
				CODE_SIGN_STYLE = Automatic;
				CURRENT_PROJECT_VERSION = 1;
				DEVELOPMENT_ASSET_PATHS = "\"Caya/Preview Content\"";
				DEVELOPMENT_TEAM = 3TLQ6C265H;
				ENABLE_PREVIEWS = YES;
				GENERATE_INFOPLIST_FILE = YES;
				INFOPLIST_KEY_UIApplicationSceneManifest_Generation = YES;
				INFOPLIST_KEY_UIApplicationSupportsIndirectInputEvents = YES;
				INFOPLIST_KEY_UILaunchScreen_Generation = YES;
				INFOPLIST_KEY_UISupportedInterfaceOrientations_iPad = "UIInterfaceOrientationPortrait UIInterfaceOrientationPortraitUpsideDown UIInterfaceOrientationLandscapeLeft UIInterfaceOrientationLandscapeRight";
				INFOPLIST_KEY_UISupportedInterfaceOrientations_iPhone = "UIInterfaceOrientationPortrait UIInterfaceOrientationLandscapeLeft UIInterfaceOrientationLandscapeRight";
				INFOPLIST_KEY_UIUserInterfaceStyle = Dark;
				IPHONEOS_DEPLOYMENT_TARGET = 15.0;
				LD_RUNPATH_SEARCH_PATHS = (
					"$(inherited)",
					"@executable_path/Frameworks",
				);
				MARKETING_VERSION = 1.0;
				PRODUCT_BUNDLE_IDENTIFIER = com.gorecki.Caya;
				PRODUCT_NAME = "$(TARGET_NAME)";
				SWIFT_EMIT_LOC_STRINGS = YES;
				SWIFT_VERSION = 5.0;
				TARGETED_DEVICE_FAMILY = 1;
			};
			name = Debug;
		};
		B97F78C727122AC6003C97EC /* Release */ = {
			isa = XCBuildConfiguration;
			buildSettings = {
				ASSETCATALOG_COMPILER_APPICON_NAME = AppIcon;
				ASSETCATALOG_COMPILER_GLOBAL_ACCENT_COLOR_NAME = AccentColor;
				CODE_SIGN_STYLE = Automatic;
				CURRENT_PROJECT_VERSION = 1;
				DEVELOPMENT_ASSET_PATHS = "\"Caya/Preview Content\"";
				DEVELOPMENT_TEAM = 3TLQ6C265H;
				ENABLE_PREVIEWS = YES;
				GENERATE_INFOPLIST_FILE = YES;
				INFOPLIST_KEY_UIApplicationSceneManifest_Generation = YES;
				INFOPLIST_KEY_UIApplicationSupportsIndirectInputEvents = YES;
				INFOPLIST_KEY_UILaunchScreen_Generation = YES;
				INFOPLIST_KEY_UISupportedInterfaceOrientations_iPad = "UIInterfaceOrientationPortrait UIInterfaceOrientationPortraitUpsideDown UIInterfaceOrientationLandscapeLeft UIInterfaceOrientationLandscapeRight";
				INFOPLIST_KEY_UISupportedInterfaceOrientations_iPhone = "UIInterfaceOrientationPortrait UIInterfaceOrientationLandscapeLeft UIInterfaceOrientationLandscapeRight";
				INFOPLIST_KEY_UIUserInterfaceStyle = Dark;
				IPHONEOS_DEPLOYMENT_TARGET = 15.0;
				LD_RUNPATH_SEARCH_PATHS = (
					"$(inherited)",
					"@executable_path/Frameworks",
				);
				MARKETING_VERSION = 1.0;
				PRODUCT_BUNDLE_IDENTIFIER = com.gorecki.Caya;
				PRODUCT_NAME = "$(TARGET_NAME)";
				SWIFT_EMIT_LOC_STRINGS = YES;
				SWIFT_VERSION = 5.0;
				TARGETED_DEVICE_FAMILY = 1;
			};
			name = Release;
		};
		B97F79192712475A003C97EC /* Debug */ = {
			isa = XCBuildConfiguration;
			buildSettings = {
				BUNDLE_LOADER = "$(TEST_HOST)";
				CODE_SIGN_STYLE = Automatic;
				CURRENT_PROJECT_VERSION = 1;
				DEVELOPMENT_TEAM = 3TLQ6C265H;
				GENERATE_INFOPLIST_FILE = YES;
				LD_RUNPATH_SEARCH_PATHS = (
					"$(inherited)",
					"@executable_path/Frameworks",
					"@loader_path/Frameworks",
				);
				MARKETING_VERSION = 1.0;
				PRODUCT_BUNDLE_IDENTIFIER = com.gorecki.CayaTests;
				PRODUCT_NAME = "$(TARGET_NAME)";
				SWIFT_EMIT_LOC_STRINGS = NO;
				SWIFT_VERSION = 5.0;
				TARGETED_DEVICE_FAMILY = "1,2";
				TEST_HOST = "$(BUILT_PRODUCTS_DIR)/Caya.app/Caya";
			};
			name = Debug;
		};
		B97F791A2712475A003C97EC /* Release */ = {
			isa = XCBuildConfiguration;
			buildSettings = {
				BUNDLE_LOADER = "$(TEST_HOST)";
				CODE_SIGN_STYLE = Automatic;
				CURRENT_PROJECT_VERSION = 1;
				DEVELOPMENT_TEAM = 3TLQ6C265H;
				GENERATE_INFOPLIST_FILE = YES;
				LD_RUNPATH_SEARCH_PATHS = (
					"$(inherited)",
					"@executable_path/Frameworks",
					"@loader_path/Frameworks",
				);
				MARKETING_VERSION = 1.0;
				PRODUCT_BUNDLE_IDENTIFIER = com.gorecki.CayaTests;
				PRODUCT_NAME = "$(TARGET_NAME)";
				SWIFT_EMIT_LOC_STRINGS = NO;
				SWIFT_VERSION = 5.0;
				TARGETED_DEVICE_FAMILY = "1,2";
				TEST_HOST = "$(BUILT_PRODUCTS_DIR)/Caya.app/Caya";
			};
			name = Release;
		};
/* End XCBuildConfiguration section */

/* Begin XCConfigurationList section */
		B97F78B227122AC4003C97EC /* Build configuration list for PBXProject "Caya" */ = {
			isa = XCConfigurationList;
			buildConfigurations = (
				B97F78C327122AC6003C97EC /* Debug */,
				B97F78C427122AC6003C97EC /* Release */,
			);
			defaultConfigurationIsVisible = 0;
			defaultConfigurationName = Release;
		};
		B97F78C527122AC6003C97EC /* Build configuration list for PBXNativeTarget "Caya" */ = {
			isa = XCConfigurationList;
			buildConfigurations = (
				B97F78C627122AC6003C97EC /* Debug */,
				B97F78C727122AC6003C97EC /* Release */,
			);
			defaultConfigurationIsVisible = 0;
			defaultConfigurationName = Release;
		};
		B97F79182712475A003C97EC /* Build configuration list for PBXNativeTarget "CayaTests" */ = {
			isa = XCConfigurationList;
			buildConfigurations = (
				B97F79192712475A003C97EC /* Debug */,
				B97F791A2712475A003C97EC /* Release */,
			);
			defaultConfigurationIsVisible = 0;
			defaultConfigurationName = Release;
		};
/* End XCConfigurationList section */

/* Begin XCSwiftPackageProductDependency section */
		B94414612724A62600EE0A69 /* FloatingBar */ = {
			isa = XCSwiftPackageProductDependency;
			productName = FloatingBar;
		};
/* End XCSwiftPackageProductDependency section */

/* Begin XCVersionGroup section */
		B9D0B070271B78C50018EC15 /* Model.xcdatamodeld */ = {
			isa = XCVersionGroup;
			children = (
				B9D0B071271B78C60018EC15 /* Model.xcdatamodel */,
			);
			currentVersion = B9D0B071271B78C60018EC15 /* Model.xcdatamodel */;
			path = Model.xcdatamodeld;
			sourceTree = "<group>";
			versionGroupType = wrapper.xcdatamodel;
		};
/* End XCVersionGroup section */
	};
	rootObject = B97F78AF27122AC4003C97EC /* Project object */;
}
